
Microsoft Visual Studio Solution File, Format Version 12.00
# Visual Studio Version 17
VisualStudioVersion = 17.13.35825.156 d17.13
MinimumVisualStudioVersion = 10.0.40219.1
Project("{FAE04EC0-301F-11D3-BF4B-00C04F79EFBC}") = "Task4", "Task4.csproj", "{78C071D9-4618-4FDF-B769-21D2D412A604}"
EndProject
Global
	GlobalSection(SolutionConfigurationPlatforms) = preSolution
		Debug|Any CPU = Debug|Any CPU
		Release|Any CPU = Release|Any CPU
	EndGlobalSection
	GlobalSection(ProjectConfigurationPlatforms) = postSolution
		{78C071D9-4618-4FDF-B769-21D2D412A604}.Debug|Any CPU.ActiveCfg = Debug|Any CPU
		{78C071D9-4618-4FDF-B769-21D2D412A604}.Debug|Any CPU.Build.0 = Debug|Any CPU
		{78C071D9-4618-4FDF-B769-21D2D412A604}.Release|Any CPU.ActiveCfg = Release|Any CPU
		{78C071D9-4618-4FDF-B769-21D2D412A604}.Release|Any CPU.Build.0 = Release|Any CPU
	EndGlobalSection
	GlobalSection(SolutionProperties) = preSolution
		HideSolutionNode = FALSE
	EndGlobalSection
	GlobalSection(ExtensibilityGlobals) = postSolution
		SolutionGuid = {33C0BE64-9DB6-489E-B70C-AED6277E7DB1}
	EndGlobalSection
EndGlobal
